
Microsoft Visual Studio Solution File, Format Version 12.00
# Visual Studio Version 16
VisualStudioVersion = 16.0.30503.244
MinimumVisualStudioVersion = 10.0.40219.1
Project("{FAE04EC0-301F-11D3-BF4B-00C04F79EFBC}") = "XamarinCalculator", "XamarinCalculator\XamarinCalculator\XamarinCalculator.csproj", "{23ACA4B0-89DD-4EF7-909D-836240041459}"
EndProject
Project("{FAE04EC0-301F-11D3-BF4B-00C04F79EFBC}") = "XamarinCalculator.Android", "XamarinCalculator\XamarinCalculator.Android\XamarinCalculator.Android.csproj", "{376B6C2A-D2C2-4DEC-B600-CB2E008D7C85}"
EndProject
Project("{FAE04EC0-301F-11D3-BF4B-00C04F79EFBC}") = "XamarinCalculator.iOS", "XamarinCalculator\XamarinCalculator.iOS\XamarinCalculator.iOS.csproj", "{BBCEAD68-7033-444D-8B0F-DC1DB7CC53DA}"
EndProject
Project("{FAE04EC0-301F-11D3-BF4B-00C04F79EFBC}") = "XamarinCalculator.UWP", "XamarinCalculator\XamarinCalculator.UWP\XamarinCalculator.UWP.csproj", "{9486AA74-3011-45CA-91F3-5C759A0A056A}"
EndProject
Global
	GlobalSection(SolutionConfigurationPlatforms) = preSolution
		Ad-Hoc|Any CPU = Ad-Hoc|Any CPU
		Ad-Hoc|ARM = Ad-Hoc|ARM
		Ad-Hoc|iPhone = Ad-Hoc|iPhone
		Ad-Hoc|iPhoneSimulator = Ad-Hoc|iPhoneSimulator
		Ad-Hoc|x64 = Ad-Hoc|x64
		Ad-Hoc|x86 = Ad-Hoc|x86
		AppStore|Any CPU = AppStore|Any CPU
		AppStore|ARM = AppStore|ARM
		AppStore|iPhone = AppStore|iPhone
		AppStore|iPhoneSimulator = AppStore|iPhoneSimulator
		AppStore|x64 = AppStore|x64
		AppStore|x86 = AppStore|x86
		Debug|Any CPU = Debug|Any CPU
		Debug|ARM = Debug|ARM
		Debug|iPhone = Debug|iPhone
		Debug|iPhoneSimulator = Debug|iPhoneSimulator
		Debug|x64 = Debug|x64
		Debug|x86 = Debug|x86
		Release|Any CPU = Release|Any CPU
		Release|ARM = Release|ARM
		Release|iPhone = Release|iPhone
		Release|iPhoneSimulator = Release|iPhoneSimulator
		Release|x64 = Release|x64
		Release|x86 = Release|x86
	EndGlobalSection
	GlobalSection(ProjectConfigurationPlatforms) = postSolution
		{23ACA4B0-89DD-4EF7-909D-836240041459}.Ad-Hoc|Any CPU.ActiveCfg = Release|Any CPU
		{23ACA4B0-89DD-4EF7-909D-836240041459}.Ad-Hoc|Any CPU.Build.0 = Release|Any CPU
		{23ACA4B0-89DD-4EF7-909D-836240041459}.Ad-Hoc|ARM.ActiveCfg = Release|Any CPU
		{23ACA4B0-89DD-4EF7-909D-836240041459}.Ad-Hoc|ARM.Build.0 = Release|Any CPU
		{23ACA4B0-89DD-4EF7-909D-836240041459}.Ad-Hoc|iPhone.ActiveCfg = Release|Any CPU
		{23ACA4B0-89DD-4EF7-909D-836240041459}.Ad-Hoc|iPhone.Build.0 = Release|Any CPU
		{23ACA4B0-89DD-4EF7-909D-836240041459}.Ad-Hoc|iPhoneSimulator.ActiveCfg = Release|Any CPU
		{23ACA4B0-89DD-4EF7-909D-836240041459}.Ad-Hoc|iPhoneSimulator.Build.0 = Release|Any CPU
		{23ACA4B0-89DD-4EF7-909D-836240041459}.Ad-Hoc|x64.ActiveCfg = Release|Any CPU
		{23ACA4B0-89DD-4EF7-909D-836240041459}.Ad-Hoc|x64.Build.0 = Release|Any CPU
		{23ACA4B0-89DD-4EF7-909D-836240041459}.Ad-Hoc|x86.ActiveCfg = Release|Any CPU
		{23ACA4B0-89DD-4EF7-909D-836240041459}.Ad-Hoc|x86.Build.0 = Release|Any CPU
		{23ACA4B0-89DD-4EF7-909D-836240041459}.AppStore|Any CPU.ActiveCfg = Release|Any CPU
		{23ACA4B0-89DD-4EF7-909D-836240041459}.AppStore|Any CPU.Build.0 = Release|Any CPU
		{23ACA4B0-89DD-4EF7-909D-836240041459}.AppStore|ARM.ActiveCfg = Release|Any CPU
		{23ACA4B0-89DD-4EF7-909D-836240041459}.AppStore|ARM.Build.0 = Release|Any CPU
		{23ACA4B0-89DD-4EF7-909D-836240041459}.AppStore|iPhone.ActiveCfg = Release|Any CPU
		{23ACA4B0-89DD-4EF7-909D-836240041459}.AppStore|iPhone.Build.0 = Release|Any CPU
		{23ACA4B0-89DD-4EF7-909D-836240041459}.AppStore|iPhoneSimulator.ActiveCfg = Release|Any CPU
		{23ACA4B0-89DD-4EF7-909D-836240041459}.AppStore|iPhoneSimulator.Build.0 = Release|Any CPU
		{23ACA4B0-89DD-4EF7-909D-836240041459}.AppStore|x64.ActiveCfg = Release|Any CPU
		{23ACA4B0-89DD-4EF7-909D-836240041459}.AppStore|x64.Build.0 = Release|Any CPU
		{23ACA4B0-89DD-4EF7-909D-836240041459}.AppStore|x86.ActiveCfg = Release|Any CPU
		{23ACA4B0-89DD-4EF7-909D-836240041459}.AppStore|x86.Build.0 = Release|Any CPU
		{23ACA4B0-89DD-4EF7-909D-836240041459}.Debug|Any CPU.ActiveCfg = Debug|Any CPU
		{23ACA4B0-89DD-4EF7-909D-836240041459}.Debug|Any CPU.Build.0 = Debug|Any CPU
		{23ACA4B0-89DD-4EF7-909D-836240041459}.Debug|ARM.ActiveCfg = Debug|Any CPU
		{23ACA4B0-89DD-4EF7-909D-836240041459}.Debug|ARM.Build.0 = Debug|Any CPU
		{23ACA4B0-89DD-4EF7-909D-836240041459}.Debug|iPhone.ActiveCfg = Debug|Any CPU
		{23ACA4B0-89DD-4EF7-909D-836240041459}.Debug|iPhone.Build.0 = Debug|Any CPU
		{23ACA4B0-89DD-4EF7-909D-836240041459}.Debug|iPhoneSimulator.ActiveCfg = Debug|Any CPU
		{23ACA4B0-89DD-4EF7-909D-836240041459}.Debug|iPhoneSimulator.Build.0 = Debug|Any CPU
		{23ACA4B0-89DD-4EF7-909D-836240041459}.Debug|x64.ActiveCfg = Debug|Any CPU
		{23ACA4B0-89DD-4EF7-909D-836240041459}.Debug|x64.Build.0 = Debug|Any CPU
		{23ACA4B0-89DD-4EF7-909D-836240041459}.Debug|x86.ActiveCfg = Debug|Any CPU
		{23ACA4B0-89DD-4EF7-909D-836240041459}.Debug|x86.Build.0 = Debug|Any CPU
		{23ACA4B0-89DD-4EF7-909D-836240041459}.Release|Any CPU.ActiveCfg = Release|Any CPU
		{23ACA4B0-89DD-4EF7-909D-836240041459}.Release|Any CPU.Build.0 = Release|Any CPU
		{23ACA4B0-89DD-4EF7-909D-836240041459}.Release|ARM.ActiveCfg = Release|Any CPU
		{23ACA4B0-89DD-4EF7-909D-836240041459}.Release|ARM.Build.0 = Release|Any CPU
		{23ACA4B0-89DD-4EF7-909D-836240041459}.Release|iPhone.ActiveCfg = Release|Any CPU
		{23ACA4B0-89DD-4EF7-909D-836240041459}.Release|iPhone.Build.0 = Release|Any CPU
		{23ACA4B0-89DD-4EF7-909D-836240041459}.Release|iPhoneSimulator.ActiveCfg = Release|Any CPU
		{23ACA4B0-89DD-4EF7-909D-836240041459}.Release|iPhoneSimulator.Build.0 = Release|Any CPU
		{23ACA4B0-89DD-4EF7-909D-836240041459}.Release|x64.ActiveCfg = Release|Any CPU
		{23ACA4B0-89DD-4EF7-909D-836240041459}.Release|x64.Build.0 = Release|Any CPU
		{23ACA4B0-89DD-4EF7-909D-836240041459}.Release|x86.ActiveCfg = Release|Any CPU
		{23ACA4B0-89DD-4EF7-909D-836240041459}.Release|x86.Build.0 = Release|Any CPU
		{376B6C2A-D2C2-4DEC-B600-CB2E008D7C85}.Ad-Hoc|Any CPU.ActiveCfg = Debug|Any CPU
		{376B6C2A-D2C2-4DEC-B600-CB2E008D7C85}.Ad-Hoc|Any CPU.Build.0 = Debug|Any CPU
		{376B6C2A-D2C2-4DEC-B600-CB2E008D7C85}.Ad-Hoc|Any CPU.Deploy.0 = Debug|Any CPU
		{376B6C2A-D2C2-4DEC-B600-CB2E008D7C85}.Ad-Hoc|ARM.ActiveCfg = Debug|Any CPU
		{376B6C2A-D2C2-4DEC-B600-CB2E008D7C85}.Ad-Hoc|ARM.Build.0 = Debug|Any CPU
		{376B6C2A-D2C2-4DEC-B600-CB2E008D7C85}.Ad-Hoc|ARM.Deploy.0 = Debug|Any CPU
		{376B6C2A-D2C2-4DEC-B600-CB2E008D7C85}.Ad-Hoc|iPhone.ActiveCfg = Debug|Any CPU
		{376B6C2A-D2C2-4DEC-B600-CB2E008D7C85}.Ad-Hoc|iPhone.Build.0 = Debug|Any CPU
		{376B6C2A-D2C2-4DEC-B600-CB2E008D7C85}.Ad-Hoc|iPhone.Deploy.0 = Debug|Any CPU
		{376B6C2A-D2C2-4DEC-B600-CB2E008D7C85}.Ad-Hoc|iPhoneSimulator.ActiveCfg = Debug|Any CPU
		{376B6C2A-D2C2-4DEC-B600-CB2E008D7C85}.Ad-Hoc|iPhoneSimulator.Build.0 = Debug|Any CPU
		{376B6C2A-D2C2-4DEC-B600-CB2E008D7C85}.Ad-Hoc|iPhoneSimulator.Deploy.0 = Debug|Any CPU
		{376B6C2A-D2C2-4DEC-B600-CB2E008D7C85}.Ad-Hoc|x64.ActiveCfg = Debug|Any CPU
		{376B6C2A-D2C2-4DEC-B600-CB2E008D7C85}.Ad-Hoc|x64.Build.0 = Debug|Any CPU
		{376B6C2A-D2C2-4DEC-B600-CB2E008D7C85}.Ad-Hoc|x64.Deploy.0 = Debug|Any CPU
		{376B6C2A-D2C2-4DEC-B600-CB2E008D7C85}.Ad-Hoc|x86.ActiveCfg = Debug|Any CPU
		{376B6C2A-D2C2-4DEC-B600-CB2E008D7C85}.Ad-Hoc|x86.Build.0 = Debug|Any CPU
		{376B6C2A-D2C2-4DEC-B600-CB2E008D7C85}.Ad-Hoc|x86.Deploy.0 = Debug|Any CPU
		{376B6C2A-D2C2-4DEC-B600-CB2E008D7C85}.AppStore|Any CPU.ActiveCfg = Debug|Any CPU
		{376B6C2A-D2C2-4DEC-B600-CB2E008D7C85}.AppStore|Any CPU.Build.0 = Debug|Any CPU
		{376B6C2A-D2C2-4DEC-B600-CB2E008D7C85}.AppStore|Any CPU.Deploy.0 = Debug|Any CPU
		{376B6C2A-D2C2-4DEC-B600-CB2E008D7C85}.AppStore|ARM.ActiveCfg = Debug|Any CPU
		{376B6C2A-D2C2-4DEC-B600-CB2E008D7C85}.AppStore|ARM.Build.0 = Debug|Any CPU
		{376B6C2A-D2C2-4DEC-B600-CB2E008D7C85}.AppStore|ARM.Deploy.0 = Debug|Any CPU
		{376B6C2A-D2C2-4DEC-B600-CB2E008D7C85}.AppStore|iPhone.ActiveCfg = Debug|Any CPU
		{376B6C2A-D2C2-4DEC-B600-CB2E008D7C85}.AppStore|iPhone.Build.0 = Debug|Any CPU
		{376B6C2A-D2C2-4DEC-B600-CB2E008D7C85}.AppStore|iPhone.Deploy.0 = Debug|Any CPU
		{376B6C2A-D2C2-4DEC-B600-CB2E008D7C85}.AppStore|iPhoneSimulator.ActiveCfg = Debug|Any CPU
		{376B6C2A-D2C2-4DEC-B600-CB2E008D7C85}.AppStore|iPhoneSimulator.Build.0 = Debug|Any CPU
		{376B6C2A-D2C2-4DEC-B600-CB2E008D7C85}.AppStore|iPhoneSimulator.Deploy.0 = Debug|Any CPU
		{376B6C2A-D2C2-4DEC-B600-CB2E008D7C85}.AppStore|x64.ActiveCfg = Debug|Any CPU
		{376B6C2A-D2C2-4DEC-B600-CB2E008D7C85}.AppStore|x64.Build.0 = Debug|Any CPU
		{376B6C2A-D2C2-4DEC-B600-CB2E008D7C85}.AppStore|x64.Deploy.0 = Debug|Any CPU
		{376B6C2A-D2C2-4DEC-B600-CB2E008D7C85}.AppStore|x86.ActiveCfg = Debug|Any CPU
		{376B6C2A-D2C2-4DEC-B600-CB2E008D7C85}.AppStore|x86.Build.0 = Debug|Any CPU
		{376B6C2A-D2C2-4DEC-B600-CB2E008D7C85}.AppStore|x86.Deploy.0 = Debug|Any CPU
		{376B6C2A-D2C2-4DEC-B600-CB2E008D7C85}.Debug|Any CPU.ActiveCfg = Debug|Any CPU
		{376B6C2A-D2C2-4DEC-B600-CB2E008D7C85}.Debug|Any CPU.Build.0 = Debug|Any CPU
		{376B6C2A-D2C2-4DEC-B600-CB2E008D7C85}.Debug|Any CPU.Deploy.0 = Debug|Any CPU
		{376B6C2A-D2C2-4DEC-B600-CB2E008D7C85}.Debug|ARM.ActiveCfg = Debug|Any CPU
		{376B6C2A-D2C2-4DEC-B600-CB2E008D7C85}.Debug|ARM.Build.0 = Debug|Any CPU
		{376B6C2A-D2C2-4DEC-B600-CB2E008D7C85}.Debug|ARM.Deploy.0 = Debug|Any CPU
		{376B6C2A-D2C2-4DEC-B600-CB2E008D7C85}.Debug|iPhone.ActiveCfg = Debug|Any CPU
		{376B6C2A-D2C2-4DEC-B600-CB2E008D7C85}.Debug|iPhone.Build.0 = Debug|Any CPU
		{376B6C2A-D2C2-4DEC-B600-CB2E008D7C85}.Debug|iPhone.Deploy.0 = Debug|Any CPU
		{376B6C2A-D2C2-4DEC-B600-CB2E008D7C85}.Debug|iPhoneSimulator.ActiveCfg = Debug|Any CPU
		{376B6C2A-D2C2-4DEC-B600-CB2E008D7C85}.Debug|iPhoneSimulator.Build.0 = Debug|Any CPU
		{376B6C2A-D2C2-4DEC-B600-CB2E008D7C85}.Debug|iPhoneSimulator.Deploy.0 = Debug|Any CPU
		{376B6C2A-D2C2-4DEC-B600-CB2E008D7C85}.Debug|x64.ActiveCfg = Debug|Any CPU
		{376B6C2A-D2C2-4DEC-B600-CB2E008D7C85}.Debug|x64.Build.0 = Debug|Any CPU
		{376B6C2A-D2C2-4DEC-B600-CB2E008D7C85}.Debug|x64.Deploy.0 = Debug|Any CPU
		{376B6C2A-D2C2-4DEC-B600-CB2E008D7C85}.Debug|x86.ActiveCfg = Debug|Any CPU
		{376B6C2A-D2C2-4DEC-B600-CB2E008D7C85}.Debug|x86.Build.0 = Debug|Any CPU
		{376B6C2A-D2C2-4DEC-B600-CB2E008D7C85}.Debug|x86.Deploy.0 = Debug|Any CPU
		{376B6C2A-D2C2-4DEC-B600-CB2E008D7C85}.Release|Any CPU.ActiveCfg = Release|Any CPU
		{376B6C2A-D2C2-4DEC-B600-CB2E008D7C85}.Release|Any CPU.Build.0 = Release|Any CPU
		{376B6C2A-D2C2-4DEC-B600-CB2E008D7C85}.Release|Any CPU.Deploy.0 = Release|Any CPU
		{376B6C2A-D2C2-4DEC-B600-CB2E008D7C85}.Release|ARM.ActiveCfg = Release|Any CPU
		{376B6C2A-D2C2-4DEC-B600-CB2E008D7C85}.Release|ARM.Build.0 = Release|Any CPU
		{376B6C2A-D2C2-4DEC-B600-CB2E008D7C85}.Release|ARM.Deploy.0 = Release|Any CPU
		{376B6C2A-D2C2-4DEC-B600-CB2E008D7C85}.Release|iPhone.ActiveCfg = Release|Any CPU
		{376B6C2A-D2C2-4DEC-B600-CB2E008D7C85}.Release|iPhone.Build.0 = Release|Any CPU
		{376B6C2A-D2C2-4DEC-B600-CB2E008D7C85}.Release|iPhone.Deploy.0 = Release|Any CPU
		{376B6C2A-D2C2-4DEC-B600-CB2E008D7C85}.Release|iPhoneSimulator.ActiveCfg = Release|Any CPU
		{376B6C2A-D2C2-4DEC-B600-CB2E008D7C85}.Release|iPhoneSimulator.Build.0 = Release|Any CPU
		{376B6C2A-D2C2-4DEC-B600-CB2E008D7C85}.Release|iPhoneSimulator.Deploy.0 = Release|Any CPU
		{376B6C2A-D2C2-4DEC-B600-CB2E008D7C85}.Release|x64.ActiveCfg = Release|Any CPU
		{376B6C2A-D2C2-4DEC-B600-CB2E008D7C85}.Release|x64.Build.0 = Release|Any CPU
		{376B6C2A-D2C2-4DEC-B600-CB2E008D7C85}.Release|x64.Deploy.0 = Release|Any CPU
		{376B6C2A-D2C2-4DEC-B600-CB2E008D7C85}.Release|x86.ActiveCfg = Release|Any CPU
		{376B6C2A-D2C2-4DEC-B600-CB2E008D7C85}.Release|x86.Build.0 = Release|Any CPU
		{376B6C2A-D2C2-4DEC-B600-CB2E008D7C85}.Release|x86.Deploy.0 = Release|Any CPU
		{BBCEAD68-7033-444D-8B0F-DC1DB7CC53DA}.Ad-Hoc|Any CPU.ActiveCfg = Ad-Hoc|iPhoneSimulator
		{BBCEAD68-7033-444D-8B0F-DC1DB7CC53DA}.Ad-Hoc|ARM.ActiveCfg = Ad-Hoc|iPhoneSimulator
		{BBCEAD68-7033-444D-8B0F-DC1DB7CC53DA}.Ad-Hoc|iPhone.ActiveCfg = Ad-Hoc|iPhone
		{BBCEAD68-7033-444D-8B0F-DC1DB7CC53DA}.Ad-Hoc|iPhone.Build.0 = Ad-Hoc|iPhone
		{BBCEAD68-7033-444D-8B0F-DC1DB7CC53DA}.Ad-Hoc|iPhoneSimulator.ActiveCfg = Ad-Hoc|iPhoneSimulator
		{BBCEAD68-7033-444D-8B0F-DC1DB7CC53DA}.Ad-Hoc|iPhoneSimulator.Build.0 = Ad-Hoc|iPhoneSimulator
		{BBCEAD68-7033-444D-8B0F-DC1DB7CC53DA}.Ad-Hoc|x64.ActiveCfg = Ad-Hoc|iPhoneSimulator
		{BBCEAD68-7033-444D-8B0F-DC1DB7CC53DA}.Ad-Hoc|x86.ActiveCfg = Ad-Hoc|iPhoneSimulator
		{BBCEAD68-7033-444D-8B0F-DC1DB7CC53DA}.AppStore|Any CPU.ActiveCfg = AppStore|iPhoneSimulator
		{BBCEAD68-7033-444D-8B0F-DC1DB7CC53DA}.AppStore|ARM.ActiveCfg = AppStore|iPhoneSimulator
		{BBCEAD68-7033-444D-8B0F-DC1DB7CC53DA}.AppStore|iPhone.ActiveCfg = AppStore|iPhone
		{BBCEAD68-7033-444D-8B0F-DC1DB7CC53DA}.AppStore|iPhone.Build.0 = AppStore|iPhone
		{BBCEAD68-7033-444D-8B0F-DC1DB7CC53DA}.AppStore|iPhoneSimulator.ActiveCfg = AppStore|iPhoneSimulator
		{BBCEAD68-7033-444D-8B0F-DC1DB7CC53DA}.AppStore|iPhoneSimulator.Build.0 = AppStore|iPhoneSimulator
		{BBCEAD68-7033-444D-8B0F-DC1DB7CC53DA}.AppStore|x64.ActiveCfg = AppStore|iPhoneSimulator
		{BBCEAD68-7033-444D-8B0F-DC1DB7CC53DA}.AppStore|x86.ActiveCfg = AppStore|iPhoneSimulator
		{BBCEAD68-7033-444D-8B0F-DC1DB7CC53DA}.Debug|Any CPU.ActiveCfg = Debug|iPhoneSimulator
		{BBCEAD68-7033-444D-8B0F-DC1DB7CC53DA}.Debug|ARM.ActiveCfg = Debug|iPhoneSimulator
		{BBCEAD68-7033-444D-8B0F-DC1DB7CC53DA}.Debug|iPhone.ActiveCfg = Debug|iPhone
		{BBCEAD68-7033-444D-8B0F-DC1DB7CC53DA}.Debug|iPhone.Build.0 = Debug|iPhone
		{BBCEAD68-7033-444D-8B0F-DC1DB7CC53DA}.Debug|iPhoneSimulator.ActiveCfg = Debug|iPhoneSimulator
		{BBCEAD68-7033-444D-8B0F-DC1DB7CC53DA}.Debug|iPhoneSimulator.Build.0 = Debug|iPhoneSimulator
		{BBCEAD68-7033-444D-8B0F-DC1DB7CC53DA}.Debug|x64.ActiveCfg = Debug|iPhoneSimulator
		{BBCEAD68-7033-444D-8B0F-DC1DB7CC53DA}.Debug|x86.ActiveCfg = Debug|iPhoneSimulator
		{BBCEAD68-7033-444D-8B0F-DC1DB7CC53DA}.Release|Any CPU.ActiveCfg = Release|iPhoneSimulator
		{BBCEAD68-7033-444D-8B0F-DC1DB7CC53DA}.Release|ARM.ActiveCfg = Release|iPhoneSimulator
		{BBCEAD68-7033-444D-8B0F-DC1DB7CC53DA}.Release|iPhone.ActiveCfg = Release|iPhone
		{BBCEAD68-7033-444D-8B0F-DC1DB7CC53DA}.Release|iPhone.Build.0 = Release|iPhone
		{BBCEAD68-7033-444D-8B0F-DC1DB7CC53DA}.Release|iPhoneSimulator.ActiveCfg = Release|iPhoneSimulator
		{BBCEAD68-7033-444D-8B0F-DC1DB7CC53DA}.Release|iPhoneSimulator.Build.0 = Release|iPhoneSimulator
		{BBCEAD68-7033-444D-8B0F-DC1DB7CC53DA}.Release|x64.ActiveCfg = Release|iPhoneSimulator
		{BBCEAD68-7033-444D-8B0F-DC1DB7CC53DA}.Release|x86.ActiveCfg = Release|iPhoneSimulator
		{9486AA74-3011-45CA-91F3-5C759A0A056A}.Ad-Hoc|Any CPU.ActiveCfg = Debug|ARM
		{9486AA74-3011-45CA-91F3-5C759A0A056A}.Ad-Hoc|Any CPU.Build.0 = Debug|ARM
		{9486AA74-3011-45CA-91F3-5C759A0A056A}.Ad-Hoc|Any CPU.Deploy.0 = Debug|ARM
		{9486AA74-3011-45CA-91F3-5C759A0A056A}.Ad-Hoc|ARM.ActiveCfg = Debug|ARM
		{9486AA74-3011-45CA-91F3-5C759A0A056A}.Ad-Hoc|ARM.Build.0 = Debug|ARM
		{9486AA74-3011-45CA-91F3-5C759A0A056A}.Ad-Hoc|ARM.Deploy.0 = Debug|ARM
		{9486AA74-3011-45CA-91F3-5C759A0A056A}.Ad-Hoc|iPhone.ActiveCfg = Debug|ARM
		{9486AA74-3011-45CA-91F3-5C759A0A056A}.Ad-Hoc|iPhone.Build.0 = Debug|ARM
		{9486AA74-3011-45CA-91F3-5C759A0A056A}.Ad-Hoc|iPhone.Deploy.0 = Debug|ARM
		{9486AA74-3011-45CA-91F3-5C759A0A056A}.Ad-Hoc|iPhoneSimulator.ActiveCfg = Debug|ARM
		{9486AA74-3011-45CA-91F3-5C759A0A056A}.Ad-Hoc|iPhoneSimulator.Build.0 = Debug|ARM
		{9486AA74-3011-45CA-91F3-5C759A0A056A}.Ad-Hoc|iPhoneSimulator.Deploy.0 = Debug|ARM
		{9486AA74-3011-45CA-91F3-5C759A0A056A}.Ad-Hoc|x64.ActiveCfg = Debug|x64
		{9486AA74-3011-45CA-91F3-5C759A0A056A}.Ad-Hoc|x64.Build.0 = Debug|x64
		{9486AA74-3011-45CA-91F3-5C759A0A056A}.Ad-Hoc|x64.Deploy.0 = Debug|x64
		{9486AA74-3011-45CA-91F3-5C759A0A056A}.Ad-Hoc|x86.ActiveCfg = Debug|x86
		{9486AA74-3011-45CA-91F3-5C759A0A056A}.Ad-Hoc|x86.Build.0 = Debug|x86
		{9486AA74-3011-45CA-91F3-5C759A0A056A}.Ad-Hoc|x86.Deploy.0 = Debug|x86
		{9486AA74-3011-45CA-91F3-5C759A0A056A}.AppStore|Any CPU.ActiveCfg = Debug|ARM
		{9486AA74-3011-45CA-91F3-5C759A0A056A}.AppStore|Any CPU.Build.0 = Debug|ARM
		{9486AA74-3011-45CA-91F3-5C759A0A056A}.AppStore|Any CPU.Deploy.0 = Debug|ARM
		{9486AA74-3011-45CA-91F3-5C759A0A056A}.AppStore|ARM.ActiveCfg = Debug|ARM
		{9486AA74-3011-45CA-91F3-5C759A0A056A}.AppStore|ARM.Build.0 = Debug|ARM
		{9486AA74-3011-45CA-91F3-5C759A0A056A}.AppStore|ARM.Deploy.0 = Debug|ARM
		{9486AA74-3011-45CA-91F3-5C759A0A056A}.AppStore|iPhone.ActiveCfg = Debug|ARM
		{9486AA74-3011-45CA-91F3-5C759A0A056A}.AppStore|iPhone.Build.0 = Debug|ARM
		{9486AA74-3011-45CA-91F3-5C759A0A056A}.AppStore|iPhone.Deploy.0 = Debug|ARM
		{9486AA74-3011-45CA-91F3-5C759A0A056A}.AppStore|iPhoneSimulator.ActiveCfg = Debug|ARM
		{9486AA74-3011-45CA-91F3-5C759A0A056A}.AppStore|iPhoneSimulator.Build.0 = Debug|ARM
		{9486AA74-3011-45CA-91F3-5C759A0A056A}.AppStore|iPhoneSimulator.Deploy.0 = Debug|ARM
		{9486AA74-3011-45CA-91F3-5C759A0A056A}.AppStore|x64.ActiveCfg = Debug|x64
		{9486AA74-3011-45CA-91F3-5C759A0A056A}.AppStore|x64.Build.0 = Debug|x64
		{9486AA74-3011-45CA-91F3-5C759A0A056A}.AppStore|x64.Deploy.0 = Debug|x64
		{9486AA74-3011-45CA-91F3-5C759A0A056A}.AppStore|x86.ActiveCfg = Debug|x86
		{9486AA74-3011-45CA-91F3-5C759A0A056A}.AppStore|x86.Build.0 = Debug|x86
		{9486AA74-3011-45CA-91F3-5C759A0A056A}.AppStore|x86.Deploy.0 = Debug|x86
		{9486AA74-3011-45CA-91F3-5C759A0A056A}.Debug|Any CPU.ActiveCfg = Debug|x86
		{9486AA74-3011-45CA-91F3-5C759A0A056A}.Debug|Any CPU.Build.0 = Debug|x86
		{9486AA74-3011-45CA-91F3-5C759A0A056A}.Debug|Any CPU.Deploy.0 = Debug|x86
		{9486AA74-3011-45CA-91F3-5C759A0A056A}.Debug|ARM.ActiveCfg = Debug|ARM
		{9486AA74-3011-45CA-91F3-5C759A0A056A}.Debug|ARM.Build.0 = Debug|ARM
		{9486AA74-3011-45CA-91F3-5C759A0A056A}.Debug|ARM.Deploy.0 = Debug|ARM
		{9486AA74-3011-45CA-91F3-5C759A0A056A}.Debug|iPhone.ActiveCfg = Debug|x86
		{9486AA74-3011-45CA-91F3-5C759A0A056A}.Debug|iPhoneSimulator.ActiveCfg = Debug|x86
		{9486AA74-3011-45CA-91F3-5C759A0A056A}.Debug|iPhoneSimulator.Build.0 = Debug|x86
		{9486AA74-3011-45CA-91F3-5C759A0A056A}.Debug|iPhoneSimulator.Deploy.0 = Debug|x86
		{9486AA74-3011-45CA-91F3-5C759A0A056A}.Debug|x64.ActiveCfg = Debug|x64
		{9486AA74-3011-45CA-91F3-5C759A0A056A}.Debug|x64.Build.0 = Debug|x64
		{9486AA74-3011-45CA-91F3-5C759A0A056A}.Debug|x64.Deploy.0 = Debug|x64
		{9486AA74-3011-45CA-91F3-5C759A0A056A}.Debug|x86.ActiveCfg = Debug|x86
		{9486AA74-3011-45CA-91F3-5C759A0A056A}.Debug|x86.Build.0 = Debug|x86
		{9486AA74-3011-45CA-91F3-5C759A0A056A}.Debug|x86.Deploy.0 = Debug|x86
		{9486AA74-3011-45CA-91F3-5C759A0A056A}.Release|Any CPU.ActiveCfg = Release|x86
		{9486AA74-3011-45CA-91F3-5C759A0A056A}.Release|ARM.ActiveCfg = Release|ARM
		{9486AA74-3011-45CA-91F3-5C759A0A056A}.Release|ARM.Build.0 = Release|ARM
		{9486AA74-3011-45CA-91F3-5C759A0A056A}.Release|ARM.Deploy.0 = Release|ARM
		{9486AA74-3011-45CA-91F3-5C759A0A056A}.Release|iPhone.ActiveCfg = Release|x86
		{9486AA74-3011-45CA-91F3-5C759A0A056A}.Release|iPhoneSimulator.ActiveCfg = Release|x86
		{9486AA74-3011-45CA-91F3-5C759A0A056A}.Release|x64.ActiveCfg = Release|x64
		{9486AA74-3011-45CA-91F3-5C759A0A056A}.Release|x64.Build.0 = Release|x64
		{9486AA74-3011-45CA-91F3-5C759A0A056A}.Release|x64.Deploy.0 = Release|x64
		{9486AA74-3011-45CA-91F3-5C759A0A056A}.Release|x86.ActiveCfg = Release|x86
		{9486AA74-3011-45CA-91F3-5C759A0A056A}.Release|x86.Build.0 = Release|x86
		{9486AA74-3011-45CA-91F3-5C759A0A056A}.Release|x86.Deploy.0 = Release|x86
	EndGlobalSection
	GlobalSection(SolutionProperties) = preSolution
		HideSolutionNode = FALSE
	EndGlobalSection
	GlobalSection(ExtensibilityGlobals) = postSolution
		SolutionGuid = {F86F6C5A-A9A5-4A89-A638-68F2FB6E9C2E}
	EndGlobalSection
EndGlobal
